// !$*UTF8*$!
{
	archiveVersion = 1;
	classes = {
	};
	objectVersion = 46;
	objects = {

/* Begin PBXBuildFile section */
		DB09CEAB1AD2703100E831B7 /* FecPoi.swift in Sources */ = {isa = PBXBuildFile; fileRef = DB09CEAA1AD2703100E831B7 /* FecPoi.swift */; };
		DB09CEAE1AD2711500E831B7 /* FecPoiView.swift in Sources */ = {isa = PBXBuildFile; fileRef = DB09CEAD1AD2711500E831B7 /* FecPoiView.swift */; };
		DB09CEB31AD2721800E831B7 /* LibraryAPI.swift in Sources */ = {isa = PBXBuildFile; fileRef = DB09CEB21AD2721800E831B7 /* LibraryAPI.swift */; };
		DB09CEB51AD2729000E831B7 /* PersistencyManager.swift in Sources */ = {isa = PBXBuildFile; fileRef = DB09CEB41AD2729000E831B7 /* PersistencyManager.swift */; };
		DB09CEB71AD276DF00E831B7 /* HTTPClient.swift in Sources */ = {isa = PBXBuildFile; fileRef = DB09CEB61AD276DF00E831B7 /* HTTPClient.swift */; };
		DB09CEB91AD27CD300E831B7 /* DetailedViewController.swift in Sources */ = {isa = PBXBuildFile; fileRef = DB09CEB81AD27CD300E831B7 /* DetailedViewController.swift */; };
		DB0F17891AD5F1D3002275C3 /* StoriesMenuViewController.swift in Sources */ = {isa = PBXBuildFile; fileRef = DB0F17881AD5F1D3002275C3 /* StoriesMenuViewController.swift */; };
		DB32CD2D1AD5F745006D1A11 /* PointsOfInterestListViewController.swift in Sources */ = {isa = PBXBuildFile; fileRef = DB32CD2C1AD5F745006D1A11 /* PointsOfInterestListViewController.swift */; };
		DB338F721AE47E5900B818CC /* PointsOfInterestListViewCell.swift in Sources */ = {isa = PBXBuildFile; fileRef = DB338F711AE47E5900B818CC /* PointsOfInterestListViewCell.swift */; };
		DB338F741AE488D000B818CC /* StoriesListViewCell.swift in Sources */ = {isa = PBXBuildFile; fileRef = DB338F731AE488D000B818CC /* StoriesListViewCell.swift */; };
		DB338F761AE489CD00B818CC /* StoryViewController.swift in Sources */ = {isa = PBXBuildFile; fileRef = DB338F751AE489CD00B818CC /* StoryViewController.swift */; };
		DB4D5BA31AE73874009AF66F /* UIColorExtensions.swift in Sources */ = {isa = PBXBuildFile; fileRef = DB4D5BA21AE73874009AF66F /* UIColorExtensions.swift */; };
		DB4D5BAA1AE73B8C009AF66F /* ENSideMenu.swift in Sources */ = {isa = PBXBuildFile; fileRef = DB4D5BA81AE73B8C009AF66F /* ENSideMenu.swift */; };
		DB4D5BAB1AE73B8C009AF66F /* ENSideMenuNavigationController.swift in Sources */ = {isa = PBXBuildFile; fileRef = DB4D5BA91AE73B8C009AF66F /* ENSideMenuNavigationController.swift */; };
		DB4D5BAD1AE73C37009AF66F /* SideMenuNavigationViewController.swift in Sources */ = {isa = PBXBuildFile; fileRef = DB4D5BAC1AE73C37009AF66F /* SideMenuNavigationViewController.swift */; };
		DB4D5BAF1AE73C7E009AF66F /* SideMenuTableViewController.swift in Sources */ = {isa = PBXBuildFile; fileRef = DB4D5BAE1AE73C7E009AF66F /* SideMenuTableViewController.swift */; };
		DB4D5BB31AE7432C009AF66F /* SWRevealViewController.m in Sources */ = {isa = PBXBuildFile; fileRef = DB4D5BB21AE7432C009AF66F /* SWRevealViewController.m */; };
		DB6526741AE75FA1002C8CCA /* Energy.png in Resources */ = {isa = PBXBuildFile; fileRef = DB65266F1AE75FA1002C8CCA /* Energy.png */; };
		DB6526751AE75FA1002C8CCA /* Explore.png in Resources */ = {isa = PBXBuildFile; fileRef = DB6526701AE75FA1002C8CCA /* Explore.png */; };
		DB6526761AE75FA1002C8CCA /* Heat.png in Resources */ = {isa = PBXBuildFile; fileRef = DB6526711AE75FA1002C8CCA /* Heat.png */; };
		DB6526771AE75FA1002C8CCA /* Plants.png in Resources */ = {isa = PBXBuildFile; fileRef = DB6526721AE75FA1002C8CCA /* Plants.png */; };
		DB6526781AE75FA1002C8CCA /* Water.png in Resources */ = {isa = PBXBuildFile; fileRef = DB6526731AE75FA1002C8CCA /* Water.png */; };
		DB65267A1AE76D59002C8CCA /* RBResizer.swift in Sources */ = {isa = PBXBuildFile; fileRef = DB6526791AE76D59002C8CCA /* RBResizer.swift */; };
		DB6526811AE77CF2002C8CCA /* AtHome.png in Resources */ = {isa = PBXBuildFile; fileRef = DB65267C1AE77CF2002C8CCA /* AtHome.png */; };
		DB6526821AE77CF2002C8CCA /* ExploreIcon.png in Resources */ = {isa = PBXBuildFile; fileRef = DB65267D1AE77CF2002C8CCA /* ExploreIcon.png */; };
		DB6526831AE77CF2002C8CCA /* Rewards.png in Resources */ = {isa = PBXBuildFile; fileRef = DB65267E1AE77CF2002C8CCA /* Rewards.png */; };
		DB6526841AE77CF2002C8CCA /* StickerCam.png in Resources */ = {isa = PBXBuildFile; fileRef = DB65267F1AE77CF2002C8CCA /* StickerCam.png */; };
		DB6526851AE77CF2002C8CCA /* Stories.png in Resources */ = {isa = PBXBuildFile; fileRef = DB6526801AE77CF2002C8CCA /* Stories.png */; };
		DBC30D631AD0CEF800FFB42D /* AppDelegate.swift in Sources */ = {isa = PBXBuildFile; fileRef = DBC30D621AD0CEF800FFB42D /* AppDelegate.swift */; };
		DBC30D651AD0CEF800FFB42D /* OverviewViewController.swift in Sources */ = {isa = PBXBuildFile; fileRef = DBC30D641AD0CEF800FFB42D /* OverviewViewController.swift */; };
		DBC30D671AD0CEF800FFB42D /* MapViewController.swift in Sources */ = {isa = PBXBuildFile; fileRef = DBC30D661AD0CEF800FFB42D /* MapViewController.swift */; };
		DBC30D6A1AD0CEF800FFB42D /* Main.storyboard in Resources */ = {isa = PBXBuildFile; fileRef = DBC30D681AD0CEF800FFB42D /* Main.storyboard */; };
		DBC30D6C1AD0CEF800FFB42D /* Images.xcassets in Resources */ = {isa = PBXBuildFile; fileRef = DBC30D6B1AD0CEF800FFB42D /* Images.xcassets */; };
		DBC30D6F1AD0CEF800FFB42D /* LaunchScreen.xib in Resources */ = {isa = PBXBuildFile; fileRef = DBC30D6D1AD0CEF800FFB42D /* LaunchScreen.xib */; };
		DBC30D7B1AD0CEF800FFB42D /* leafletTests.swift in Sources */ = {isa = PBXBuildFile; fileRef = DBC30D7A1AD0CEF800FFB42D /* leafletTests.swift */; };
		DBC30D8E1AD1EDC300FFB42D /* AVFoundation.framework in Frameworks */ = {isa = PBXBuildFile; fileRef = DBC30D8D1AD1EDC300FFB42D /* AVFoundation.framework */; };
		DBC30D901AD1EDCD00FFB42D /* CoreData.framework in Frameworks */ = {isa = PBXBuildFile; fileRef = DBC30D8F1AD1EDCD00FFB42D /* CoreData.framework */; };
		DBC30D911AD1EDD400FFB42D /* CoreLocation.framework in Frameworks */ = {isa = PBXBuildFile; fileRef = DBC30D861AD1DCD200FFB42D /* CoreLocation.framework */; };
		DBC30D931AD1EDDC00FFB42D /* CoreText.framework in Frameworks */ = {isa = PBXBuildFile; fileRef = DBC30D921AD1EDDC00FFB42D /* CoreText.framework */; };
		DBC30D951AD1EDE900FFB42D /* GLKit.framework in Frameworks */ = {isa = PBXBuildFile; fileRef = DBC30D941AD1EDE900FFB42D /* GLKit.framework */; };
		DBC30D971AD1EDF000FFB42D /* ImageIO.framework in Frameworks */ = {isa = PBXBuildFile; fileRef = DBC30D961AD1EDF000FFB42D /* ImageIO.framework */; };
		DBC30D991AD1EDF900FFB42D /* libc++.dylib in Frameworks */ = {isa = PBXBuildFile; fileRef = DBC30D981AD1EDF900FFB42D /* libc++.dylib */; };
		DBC30D9B1AD1EE0100FFB42D /* libicucore.dylib in Frameworks */ = {isa = PBXBuildFile; fileRef = DBC30D9A1AD1EE0100FFB42D /* libicucore.dylib */; };
		DBC30D9D1AD1EE0700FFB42D /* libz.dylib in Frameworks */ = {isa = PBXBuildFile; fileRef = DBC30D9C1AD1EE0700FFB42D /* libz.dylib */; };
		DBC30D9F1AD1EE0F00FFB42D /* OpenGLES.framework in Frameworks */ = {isa = PBXBuildFile; fileRef = DBC30D9E1AD1EE0F00FFB42D /* OpenGLES.framework */; };
		DBC30DA11AD1EE1700FFB42D /* QuartzCore.framework in Frameworks */ = {isa = PBXBuildFile; fileRef = DBC30DA01AD1EE1700FFB42D /* QuartzCore.framework */; };
		DBC30DA31AD1EE1E00FFB42D /* SystemConfiguration.framework in Frameworks */ = {isa = PBXBuildFile; fileRef = DBC30DA21AD1EE1E00FFB42D /* SystemConfiguration.framework */; };
		DBD4DD8B1AD5CA0400B508FC /* tos_beep.caf in Resources */ = {isa = PBXBuildFile; fileRef = DBD4DD8A1AD5CA0400B508FC /* tos_beep.caf */; };
		DBD800611AE5263000AFA3D2 /* rain-veil.jpg in Resources */ = {isa = PBXBuildFile; fileRef = DBD800601AE5263000AFA3D2 /* rain-veil.jpg */; };
		DBE150491AD5E65200DB03AF /* MenuViewController.swift in Sources */ = {isa = PBXBuildFile; fileRef = DBE150481AD5E65200DB03AF /* MenuViewController.swift */; };
/* End PBXBuildFile section */

/* Begin PBXContainerItemProxy section */
		DBC30D751AD0CEF800FFB42D /* PBXContainerItemProxy */ = {
			isa = PBXContainerItemProxy;
			containerPortal = DBC30D551AD0CEF800FFB42D /* Project object */;
			proxyType = 1;
			remoteGlobalIDString = DBC30D5C1AD0CEF800FFB42D;
			remoteInfo = leaflet;
		};
/* End PBXContainerItemProxy section */

/* Begin PBXFileReference section */
		DB09CEAA1AD2703100E831B7 /* FecPoi.swift */ = {isa = PBXFileReference; fileEncoding = 4; lastKnownFileType = sourcecode.swift; path = FecPoi.swift; sourceTree = "<group>"; };
		DB09CEAD1AD2711500E831B7 /* FecPoiView.swift */ = {isa = PBXFileReference; fileEncoding = 4; lastKnownFileType = sourcecode.swift; path = FecPoiView.swift; sourceTree = "<group>"; };
		DB09CEB21AD2721800E831B7 /* LibraryAPI.swift */ = {isa = PBXFileReference; fileEncoding = 4; lastKnownFileType = sourcecode.swift; path = LibraryAPI.swift; sourceTree = "<group>"; };
		DB09CEB41AD2729000E831B7 /* PersistencyManager.swift */ = {isa = PBXFileReference; fileEncoding = 4; lastKnownFileType = sourcecode.swift; path = PersistencyManager.swift; sourceTree = "<group>"; };
		DB09CEB61AD276DF00E831B7 /* HTTPClient.swift */ = {isa = PBXFileReference; fileEncoding = 4; lastKnownFileType = sourcecode.swift; path = HTTPClient.swift; sourceTree = "<group>"; };
		DB09CEB81AD27CD300E831B7 /* DetailedViewController.swift */ = {isa = PBXFileReference; fileEncoding = 4; lastKnownFileType = sourcecode.swift; path = DetailedViewController.swift; sourceTree = "<group>"; };
		DB0F17881AD5F1D3002275C3 /* StoriesMenuViewController.swift */ = {isa = PBXFileReference; fileEncoding = 4; lastKnownFileType = sourcecode.swift; path = StoriesMenuViewController.swift; sourceTree = "<group>"; };
		DB32CD2C1AD5F745006D1A11 /* PointsOfInterestListViewController.swift */ = {isa = PBXFileReference; fileEncoding = 4; lastKnownFileType = sourcecode.swift; path = PointsOfInterestListViewController.swift; sourceTree = "<group>"; };
		DB338F711AE47E5900B818CC /* PointsOfInterestListViewCell.swift */ = {isa = PBXFileReference; fileEncoding = 4; lastKnownFileType = sourcecode.swift; path = PointsOfInterestListViewCell.swift; sourceTree = "<group>"; };
		DB338F731AE488D000B818CC /* StoriesListViewCell.swift */ = {isa = PBXFileReference; fileEncoding = 4; lastKnownFileType = sourcecode.swift; path = StoriesListViewCell.swift; sourceTree = "<group>"; };
		DB338F751AE489CD00B818CC /* StoryViewController.swift */ = {isa = PBXFileReference; fileEncoding = 4; lastKnownFileType = sourcecode.swift; path = StoryViewController.swift; sourceTree = "<group>"; };
		DB4D5BA21AE73874009AF66F /* UIColorExtensions.swift */ = {isa = PBXFileReference; fileEncoding = 4; lastKnownFileType = sourcecode.swift; path = UIColorExtensions.swift; sourceTree = "<group>"; };
		DB4D5BA81AE73B8C009AF66F /* ENSideMenu.swift */ = {isa = PBXFileReference; fileEncoding = 4; lastKnownFileType = sourcecode.swift; name = ENSideMenu.swift; path = "../../../../../Downloads/ENSwiftSideMenu-master/Library/ENSideMenu.swift"; sourceTree = "<group>"; };
		DB4D5BA91AE73B8C009AF66F /* ENSideMenuNavigationController.swift */ = {isa = PBXFileReference; fileEncoding = 4; lastKnownFileType = sourcecode.swift; name = ENSideMenuNavigationController.swift; path = "../../../../../Downloads/ENSwiftSideMenu-master/Library/ENSideMenuNavigationController.swift"; sourceTree = "<group>"; };
		DB4D5BAC1AE73C37009AF66F /* SideMenuNavigationViewController.swift */ = {isa = PBXFileReference; fileEncoding = 4; lastKnownFileType = sourcecode.swift; path = SideMenuNavigationViewController.swift; sourceTree = "<group>"; };
		DB4D5BAE1AE73C7E009AF66F /* SideMenuTableViewController.swift */ = {isa = PBXFileReference; fileEncoding = 4; lastKnownFileType = sourcecode.swift; path = SideMenuTableViewController.swift; sourceTree = "<group>"; };
		DB4D5BB11AE7432C009AF66F /* SWRevealViewController.h */ = {isa = PBXFileReference; fileEncoding = 4; lastKnownFileType = sourcecode.c.h; path = SWRevealViewController.h; sourceTree = "<group>"; };
		DB4D5BB21AE7432C009AF66F /* SWRevealViewController.m */ = {isa = PBXFileReference; fileEncoding = 4; lastKnownFileType = sourcecode.c.objc; path = SWRevealViewController.m; sourceTree = "<group>"; };
		DB65266F1AE75FA1002C8CCA /* Energy.png */ = {isa = PBXFileReference; lastKnownFileType = image.png; path = Energy.png; sourceTree = "<group>"; };
		DB6526701AE75FA1002C8CCA /* Explore.png */ = {isa = PBXFileReference; lastKnownFileType = image.png; path = Explore.png; sourceTree = "<group>"; };
		DB6526711AE75FA1002C8CCA /* Heat.png */ = {isa = PBXFileReference; lastKnownFileType = image.png; path = Heat.png; sourceTree = "<group>"; };
		DB6526721AE75FA1002C8CCA /* Plants.png */ = {isa = PBXFileReference; lastKnownFileType = image.png; path = Plants.png; sourceTree = "<group>"; };
		DB6526731AE75FA1002C8CCA /* Water.png */ = {isa = PBXFileReference; lastKnownFileType = image.png; path = Water.png; sourceTree = "<group>"; };
		DB6526791AE76D59002C8CCA /* RBResizer.swift */ = {isa = PBXFileReference; fileEncoding = 4; lastKnownFileType = sourcecode.swift; path = RBResizer.swift; sourceTree = "<group>"; };
		DB65267C1AE77CF2002C8CCA /* AtHome.png */ = {isa = PBXFileReference; lastKnownFileType = image.png; path = AtHome.png; sourceTree = "<group>"; };
		DB65267D1AE77CF2002C8CCA /* ExploreIcon.png */ = {isa = PBXFileReference; lastKnownFileType = image.png; path = ExploreIcon.png; sourceTree = "<group>"; };
		DB65267E1AE77CF2002C8CCA /* Rewards.png */ = {isa = PBXFileReference; lastKnownFileType = image.png; path = Rewards.png; sourceTree = "<group>"; };
		DB65267F1AE77CF2002C8CCA /* StickerCam.png */ = {isa = PBXFileReference; lastKnownFileType = image.png; path = StickerCam.png; sourceTree = "<group>"; };
		DB6526801AE77CF2002C8CCA /* Stories.png */ = {isa = PBXFileReference; lastKnownFileType = image.png; path = Stories.png; sourceTree = "<group>"; };
		DBC30D5D1AD0CEF800FFB42D /* leaflet.app */ = {isa = PBXFileReference; explicitFileType = wrapper.application; includeInIndex = 0; path = leaflet.app; sourceTree = BUILT_PRODUCTS_DIR; };
		DBC30D611AD0CEF800FFB42D /* Info.plist */ = {isa = PBXFileReference; lastKnownFileType = text.plist.xml; path = Info.plist; sourceTree = "<group>"; };
		DBC30D621AD0CEF800FFB42D /* AppDelegate.swift */ = {isa = PBXFileReference; lastKnownFileType = sourcecode.swift; path = AppDelegate.swift; sourceTree = "<group>"; };
		DBC30D641AD0CEF800FFB42D /* OverviewViewController.swift */ = {isa = PBXFileReference; lastKnownFileType = sourcecode.swift; path = OverviewViewController.swift; sourceTree = "<group>"; };
		DBC30D661AD0CEF800FFB42D /* MapViewController.swift */ = {isa = PBXFileReference; lastKnownFileType = sourcecode.swift; path = MapViewController.swift; sourceTree = "<group>"; };
		DBC30D691AD0CEF800FFB42D /* Base */ = {isa = PBXFileReference; lastKnownFileType = file.storyboard; name = Base; path = Base.lproj/Main.storyboard; sourceTree = "<group>"; };
		DBC30D6B1AD0CEF800FFB42D /* Images.xcassets */ = {isa = PBXFileReference; lastKnownFileType = folder.assetcatalog; path = Images.xcassets; sourceTree = "<group>"; };
		DBC30D6E1AD0CEF800FFB42D /* Base */ = {isa = PBXFileReference; lastKnownFileType = file.xib; name = Base; path = Base.lproj/LaunchScreen.xib; sourceTree = "<group>"; };
		DBC30D741AD0CEF800FFB42D /* leafletTests.xctest */ = {isa = PBXFileReference; explicitFileType = wrapper.cfbundle; includeInIndex = 0; path = leafletTests.xctest; sourceTree = BUILT_PRODUCTS_DIR; };
		DBC30D791AD0CEF800FFB42D /* Info.plist */ = {isa = PBXFileReference; lastKnownFileType = text.plist.xml; path = Info.plist; sourceTree = "<group>"; };
		DBC30D7A1AD0CEF800FFB42D /* leafletTests.swift */ = {isa = PBXFileReference; lastKnownFileType = sourcecode.swift; path = leafletTests.swift; sourceTree = "<group>"; };
		DBC30D861AD1DCD200FFB42D /* CoreLocation.framework */ = {isa = PBXFileReference; lastKnownFileType = wrapper.framework; name = CoreLocation.framework; path = System/Library/Frameworks/CoreLocation.framework; sourceTree = SDKROOT; };
		DBC30D8D1AD1EDC300FFB42D /* AVFoundation.framework */ = {isa = PBXFileReference; lastKnownFileType = wrapper.framework; name = AVFoundation.framework; path = System/Library/Frameworks/AVFoundation.framework; sourceTree = SDKROOT; };
		DBC30D8F1AD1EDCD00FFB42D /* CoreData.framework */ = {isa = PBXFileReference; lastKnownFileType = wrapper.framework; name = CoreData.framework; path = System/Library/Frameworks/CoreData.framework; sourceTree = SDKROOT; };
		DBC30D921AD1EDDC00FFB42D /* CoreText.framework */ = {isa = PBXFileReference; lastKnownFileType = wrapper.framework; name = CoreText.framework; path = System/Library/Frameworks/CoreText.framework; sourceTree = SDKROOT; };
		DBC30D941AD1EDE900FFB42D /* GLKit.framework */ = {isa = PBXFileReference; lastKnownFileType = wrapper.framework; name = GLKit.framework; path = System/Library/Frameworks/GLKit.framework; sourceTree = SDKROOT; };
		DBC30D961AD1EDF000FFB42D /* ImageIO.framework */ = {isa = PBXFileReference; lastKnownFileType = wrapper.framework; name = ImageIO.framework; path = System/Library/Frameworks/ImageIO.framework; sourceTree = SDKROOT; };
		DBC30D981AD1EDF900FFB42D /* libc++.dylib */ = {isa = PBXFileReference; lastKnownFileType = "compiled.mach-o.dylib"; name = "libc++.dylib"; path = "usr/lib/libc++.dylib"; sourceTree = SDKROOT; };
		DBC30D9A1AD1EE0100FFB42D /* libicucore.dylib */ = {isa = PBXFileReference; lastKnownFileType = "compiled.mach-o.dylib"; name = libicucore.dylib; path = usr/lib/libicucore.dylib; sourceTree = SDKROOT; };
		DBC30D9C1AD1EE0700FFB42D /* libz.dylib */ = {isa = PBXFileReference; lastKnownFileType = "compiled.mach-o.dylib"; name = libz.dylib; path = usr/lib/libz.dylib; sourceTree = SDKROOT; };
		DBC30D9E1AD1EE0F00FFB42D /* OpenGLES.framework */ = {isa = PBXFileReference; lastKnownFileType = wrapper.framework; name = OpenGLES.framework; path = System/Library/Frameworks/OpenGLES.framework; sourceTree = SDKROOT; };
		DBC30DA01AD1EE1700FFB42D /* QuartzCore.framework */ = {isa = PBXFileReference; lastKnownFileType = wrapper.framework; name = QuartzCore.framework; path = System/Library/Frameworks/QuartzCore.framework; sourceTree = SDKROOT; };
		DBC30DA21AD1EE1E00FFB42D /* SystemConfiguration.framework */ = {isa = PBXFileReference; lastKnownFileType = wrapper.framework; name = SystemConfiguration.framework; path = System/Library/Frameworks/SystemConfiguration.framework; sourceTree = SDKROOT; };
		DBC30DA41AD1EEC100FFB42D /* leaflet-Bridging-Header.h */ = {isa = PBXFileReference; lastKnownFileType = sourcecode.c.h; path = "leaflet-Bridging-Header.h"; sourceTree = "<group>"; };
		DBD4DD8A1AD5CA0400B508FC /* tos_beep.caf */ = {isa = PBXFileReference; lastKnownFileType = file; path = tos_beep.caf; sourceTree = "<group>"; };
		DBD800601AE5263000AFA3D2 /* rain-veil.jpg */ = {isa = PBXFileReference; lastKnownFileType = image.jpeg; path = "rain-veil.jpg"; sourceTree = "<group>"; };
		DBE150481AD5E65200DB03AF /* MenuViewController.swift */ = {isa = PBXFileReference; fileEncoding = 4; lastKnownFileType = sourcecode.swift; path = MenuViewController.swift; sourceTree = "<group>"; };
/* End PBXFileReference section */

/* Begin PBXFrameworksBuildPhase section */
		DBC30D5A1AD0CEF800FFB42D /* Frameworks */ = {
			isa = PBXFrameworksBuildPhase;
			buildActionMask = 2147483647;
			files = (
				DBC30DA31AD1EE1E00FFB42D /* SystemConfiguration.framework in Frameworks */,
				DBC30DA11AD1EE1700FFB42D /* QuartzCore.framework in Frameworks */,
				DBC30D9F1AD1EE0F00FFB42D /* OpenGLES.framework in Frameworks */,
				DBC30D9D1AD1EE0700FFB42D /* libz.dylib in Frameworks */,
				DBC30D9B1AD1EE0100FFB42D /* libicucore.dylib in Frameworks */,
				DBC30D991AD1EDF900FFB42D /* libc++.dylib in Frameworks */,
				DBC30D971AD1EDF000FFB42D /* ImageIO.framework in Frameworks */,
				DBC30D951AD1EDE900FFB42D /* GLKit.framework in Frameworks */,
				DBC30D931AD1EDDC00FFB42D /* CoreText.framework in Frameworks */,
				DBC30D911AD1EDD400FFB42D /* CoreLocation.framework in Frameworks */,
				DBC30D901AD1EDCD00FFB42D /* CoreData.framework in Frameworks */,
				DBC30D8E1AD1EDC300FFB42D /* AVFoundation.framework in Frameworks */,
			);
			runOnlyForDeploymentPostprocessing = 0;
		};
		DBC30D711AD0CEF800FFB42D /* Frameworks */ = {
			isa = PBXFrameworksBuildPhase;
			buildActionMask = 2147483647;
			files = (
			);
			runOnlyForDeploymentPostprocessing = 0;
		};
/* End PBXFrameworksBuildPhase section */

/* Begin PBXGroup section */
		DB09CEAC1AD2703A00E831B7 /* Models */ = {
			isa = PBXGroup;
			children = (
				DB09CEAA1AD2703100E831B7 /* FecPoi.swift */,
			);
			name = Models;
			sourceTree = "<group>";
		};
		DB09CEAF1AD2717800E831B7 /* Views */ = {
			isa = PBXGroup;
			children = (
				DB338F711AE47E5900B818CC /* PointsOfInterestListViewCell.swift */,
				DB09CEAD1AD2711500E831B7 /* FecPoiView.swift */,
				DB338F731AE488D000B818CC /* StoriesListViewCell.swift */,
			);
			name = Views;
			sourceTree = "<group>";
		};
		DB09CEB01AD2717E00E831B7 /* Controllers */ = {
			isa = PBXGroup;
			children = (
				DBC30D661AD0CEF800FFB42D /* MapViewController.swift */,
				DBC30D641AD0CEF800FFB42D /* OverviewViewController.swift */,
				DB09CEB81AD27CD300E831B7 /* DetailedViewController.swift */,
				DBE150481AD5E65200DB03AF /* MenuViewController.swift */,
				DB0F17881AD5F1D3002275C3 /* StoriesMenuViewController.swift */,
				DB32CD2C1AD5F745006D1A11 /* PointsOfInterestListViewController.swift */,
				DB338F751AE489CD00B818CC /* StoryViewController.swift */,
				DB4D5BAC1AE73C37009AF66F /* SideMenuNavigationViewController.swift */,
				DB4D5BAE1AE73C7E009AF66F /* SideMenuTableViewController.swift */,
			);
			name = Controllers;
			sourceTree = "<group>";
		};
		DB09CEB11AD271E300E831B7 /* API */ = {
			isa = PBXGroup;
			children = (
				DB09CEB21AD2721800E831B7 /* LibraryAPI.swift */,
				DB09CEB41AD2729000E831B7 /* PersistencyManager.swift */,
				DB09CEB61AD276DF00E831B7 /* HTTPClient.swift */,
			);
			name = API;
			sourceTree = "<group>";
		};
		DB4D5BA11AE7384D009AF66F /* Extensions */ = {
			isa = PBXGroup;
			children = (
				DB4D5BA21AE73874009AF66F /* UIColorExtensions.swift */,
			);
			name = Extensions;
			sourceTree = "<group>";
		};
		DB4D5BA61AE73B5F009AF66F /* Libraries */ = {
			isa = PBXGroup;
			children = (
				DB6526791AE76D59002C8CCA /* RBResizer.swift */,
				DB4D5BB01AE7432C009AF66F /* SWRevealViewController */,
				DB4D5BA71AE73B7B009AF66F /* ENSideMenu */,
			);
			name = Libraries;
			sourceTree = "<group>";
		};
		DB4D5BA71AE73B7B009AF66F /* ENSideMenu */ = {
			isa = PBXGroup;
			children = (
				DB4D5BA81AE73B8C009AF66F /* ENSideMenu.swift */,
				DB4D5BA91AE73B8C009AF66F /* ENSideMenuNavigationController.swift */,
			);
			name = ENSideMenu;
			sourceTree = "<group>";
		};
		DB4D5BB01AE7432C009AF66F /* SWRevealViewController */ = {
			isa = PBXGroup;
			children = (
				DB4D5BB11AE7432C009AF66F /* SWRevealViewController.h */,
				DB4D5BB21AE7432C009AF66F /* SWRevealViewController.m */,
			);
			name = SWRevealViewController;
			path = "../../../../../Downloads/SWRevealViewController-master/SWRevealViewController";
			sourceTree = "<group>";
		};
		DBC30D541AD0CEF800FFB42D = {
			isa = PBXGroup;
			children = (
				DBC30D881AD1ED1600FFB42D /* Frameworks */,
				DBC30D5F1AD0CEF800FFB42D /* leaflet */,
				DBC30D771AD0CEF800FFB42D /* leafletTests */,
				DBC30D5E1AD0CEF800FFB42D /* Products */,
				DBC30DA41AD1EEC100FFB42D /* leaflet-Bridging-Header.h */,
			);
			sourceTree = "<group>";
		};
		DBC30D5E1AD0CEF800FFB42D /* Products */ = {
			isa = PBXGroup;
			children = (
				DBC30D5D1AD0CEF800FFB42D /* leaflet.app */,
				DBC30D741AD0CEF800FFB42D /* leafletTests.xctest */,
			);
			name = Products;
			sourceTree = "<group>";
		};
		DBC30D5F1AD0CEF800FFB42D /* leaflet */ = {
			isa = PBXGroup;
			children = (
				DB4D5BA61AE73B5F009AF66F /* Libraries */,
				DB4D5BA11AE7384D009AF66F /* Extensions */,
				DBC30D621AD0CEF800FFB42D /* AppDelegate.swift */,
				DB09CEB11AD271E300E831B7 /* API */,
				DB09CEB01AD2717E00E831B7 /* Controllers */,
				DB09CEAF1AD2717800E831B7 /* Views */,
				DB09CEAC1AD2703A00E831B7 /* Models */,
				DBC30D681AD0CEF800FFB42D /* Main.storyboard */,
				DBC30D6B1AD0CEF800FFB42D /* Images.xcassets */,
				DBC30D6D1AD0CEF800FFB42D /* LaunchScreen.xib */,
				DBC30D601AD0CEF800FFB42D /* Supporting Files */,
			);
			path = leaflet;
			sourceTree = "<group>";
		};
		DBC30D601AD0CEF800FFB42D /* Supporting Files */ = {
			isa = PBXGroup;
			children = (
				DBD800601AE5263000AFA3D2 /* rain-veil.jpg */,
				DB65267C1AE77CF2002C8CCA /* AtHome.png */,
				DB65267D1AE77CF2002C8CCA /* ExploreIcon.png */,
				DB65267E1AE77CF2002C8CCA /* Rewards.png */,
				DB65267F1AE77CF2002C8CCA /* StickerCam.png */,
				DB6526801AE77CF2002C8CCA /* Stories.png */,
				DB65266F1AE75FA1002C8CCA /* Energy.png */,
				DB6526701AE75FA1002C8CCA /* Explore.png */,
				DB6526711AE75FA1002C8CCA /* Heat.png */,
				DB6526721AE75FA1002C8CCA /* Plants.png */,
				DB6526731AE75FA1002C8CCA /* Water.png */,
				DBD4DD8A1AD5CA0400B508FC /* tos_beep.caf */,
				DBC30D611AD0CEF800FFB42D /* Info.plist */,
			);
			name = "Supporting Files";
			sourceTree = "<group>";
		};
		DBC30D771AD0CEF800FFB42D /* leafletTests */ = {
			isa = PBXGroup;
			children = (
				DBC30D7A1AD0CEF800FFB42D /* leafletTests.swift */,
				DBC30D781AD0CEF800FFB42D /* Supporting Files */,
			);
			path = leafletTests;
			sourceTree = "<group>";
		};
		DBC30D781AD0CEF800FFB42D /* Supporting Files */ = {
			isa = PBXGroup;
			children = (
				DBC30D791AD0CEF800FFB42D /* Info.plist */,
			);
			name = "Supporting Files";
			sourceTree = "<group>";
		};
		DBC30D881AD1ED1600FFB42D /* Frameworks */ = {
			isa = PBXGroup;
			children = (
				DBC30DA21AD1EE1E00FFB42D /* SystemConfiguration.framework */,
				DBC30DA01AD1EE1700FFB42D /* QuartzCore.framework */,
				DBC30D9E1AD1EE0F00FFB42D /* OpenGLES.framework */,
				DBC30D9C1AD1EE0700FFB42D /* libz.dylib */,
				DBC30D9A1AD1EE0100FFB42D /* libicucore.dylib */,
				DBC30D981AD1EDF900FFB42D /* libc++.dylib */,
				DBC30D961AD1EDF000FFB42D /* ImageIO.framework */,
				DBC30D941AD1EDE900FFB42D /* GLKit.framework */,
				DBC30D921AD1EDDC00FFB42D /* CoreText.framework */,
				DBC30D8F1AD1EDCD00FFB42D /* CoreData.framework */,
				DBC30D8D1AD1EDC300FFB42D /* AVFoundation.framework */,
				DBC30D861AD1DCD200FFB42D /* CoreLocation.framework */,
			);
			name = Frameworks;
			sourceTree = "<group>";
		};
/* End PBXGroup section */

/* Begin PBXNativeTarget section */
		DBC30D5C1AD0CEF800FFB42D /* leaflet */ = {
			isa = PBXNativeTarget;
			buildConfigurationList = DBC30D7E1AD0CEF800FFB42D /* Build configuration list for PBXNativeTarget "leaflet" */;
			buildPhases = (
				DBC30D591AD0CEF800FFB42D /* Sources */,
				DBC30D5B1AD0CEF800FFB42D /* Resources */,
				DBC30D5A1AD0CEF800FFB42D /* Frameworks */,
			);
			buildRules = (
			);
			dependencies = (
			);
			name = leaflet;
			productName = leaflet;
			productReference = DBC30D5D1AD0CEF800FFB42D /* leaflet.app */;
			productType = "com.apple.product-type.application";
		};
		DBC30D731AD0CEF800FFB42D /* leafletTests */ = {
			isa = PBXNativeTarget;
			buildConfigurationList = DBC30D811AD0CEF800FFB42D /* Build configuration list for PBXNativeTarget "leafletTests" */;
			buildPhases = (
				DBC30D701AD0CEF800FFB42D /* Sources */,
				DBC30D711AD0CEF800FFB42D /* Frameworks */,
				DBC30D721AD0CEF800FFB42D /* Resources */,
			);
			buildRules = (
			);
			dependencies = (
				DBC30D761AD0CEF800FFB42D /* PBXTargetDependency */,
			);
			name = leafletTests;
			productName = leafletTests;
			productReference = DBC30D741AD0CEF800FFB42D /* leafletTests.xctest */;
			productType = "com.apple.product-type.bundle.unit-test";
		};
/* End PBXNativeTarget section */

/* Begin PBXProject section */
		DBC30D551AD0CEF800FFB42D /* Project object */ = {
			isa = PBXProject;
			attributes = {
				LastUpgradeCheck = 0620;
				ORGANIZATIONNAME = "parks-and-rec";
				TargetAttributes = {
					DBC30D5C1AD0CEF800FFB42D = {
						CreatedOnToolsVersion = 6.2;
						DevelopmentTeam = 9VUC3R8D65;
						SystemCapabilities = {
							com.apple.BackgroundModes = {
								enabled = 1;
							};
							com.apple.Maps.iOS = {
								enabled = 0;
							};
						};
					};
					DBC30D731AD0CEF800FFB42D = {
						CreatedOnToolsVersion = 6.2;
						TestTargetID = DBC30D5C1AD0CEF800FFB42D;
					};
				};
			};
			buildConfigurationList = DBC30D581AD0CEF800FFB42D /* Build configuration list for PBXProject "leaflet" */;
			compatibilityVersion = "Xcode 3.2";
			developmentRegion = English;
			hasScannedForEncodings = 0;
			knownRegions = (
				en,
				Base,
			);
			mainGroup = DBC30D541AD0CEF800FFB42D;
			productRefGroup = DBC30D5E1AD0CEF800FFB42D /* Products */;
			projectDirPath = "";
			projectRoot = "";
			targets = (
				DBC30D5C1AD0CEF800FFB42D /* leaflet */,
				DBC30D731AD0CEF800FFB42D /* leafletTests */,
			);
		};
/* End PBXProject section */

/* Begin PBXResourcesBuildPhase section */
		DBC30D5B1AD0CEF800FFB42D /* Resources */ = {
			isa = PBXResourcesBuildPhase;
			buildActionMask = 2147483647;
			files = (
				DBC30D6A1AD0CEF800FFB42D /* Main.storyboard in Resources */,
				DB6526781AE75FA1002C8CCA /* Water.png in Resources */,
				DB6526751AE75FA1002C8CCA /* Explore.png in Resources */,
				DB6526741AE75FA1002C8CCA /* Energy.png in Resources */,
				DBC30D6F1AD0CEF800FFB42D /* LaunchScreen.xib in Resources */,
				DB6526831AE77CF2002C8CCA /* Rewards.png in Resources */,
				DB6526811AE77CF2002C8CCA /* AtHome.png in Resources */,
				DB6526771AE75FA1002C8CCA /* Plants.png in Resources */,
				DBC30D6C1AD0CEF800FFB42D /* Images.xcassets in Resources */,
				DB6526761AE75FA1002C8CCA /* Heat.png in Resources */,
				DB6526841AE77CF2002C8CCA /* StickerCam.png in Resources */,
				DBD800611AE5263000AFA3D2 /* rain-veil.jpg in Resources */,
				DB6526851AE77CF2002C8CCA /* Stories.png in Resources */,
				DB6526821AE77CF2002C8CCA /* ExploreIcon.png in Resources */,
				DBD4DD8B1AD5CA0400B508FC /* tos_beep.caf in Resources */,
			);
			runOnlyForDeploymentPostprocessing = 0;
		};
		DBC30D721AD0CEF800FFB42D /* Resources */ = {
			isa = PBXResourcesBuildPhase;
			buildActionMask = 2147483647;
			files = (
			);
			runOnlyForDeploymentPostprocessing = 0;
		};
/* End PBXResourcesBuildPhase section */

/* Begin PBXSourcesBuildPhase section */
		DBC30D591AD0CEF800FFB42D /* Sources */ = {
			isa = PBXSourcesBuildPhase;
			buildActionMask = 2147483647;
			files = (
				DB0F17891AD5F1D3002275C3 /* StoriesMenuViewController.swift in Sources */,
				DB32CD2D1AD5F745006D1A11 /* PointsOfInterestListViewController.swift in Sources */,
				DBC30D671AD0CEF800FFB42D /* MapViewController.swift in Sources */,
				DB09CEAE1AD2711500E831B7 /* FecPoiView.swift in Sources */,
				DB09CEB71AD276DF00E831B7 /* HTTPClient.swift in Sources */,
				DB09CEB31AD2721800E831B7 /* LibraryAPI.swift in Sources */,
				DB4D5BAA1AE73B8C009AF66F /* ENSideMenu.swift in Sources */,
				DB338F761AE489CD00B818CC /* StoryViewController.swift in Sources */,
				DB09CEAB1AD2703100E831B7 /* FecPoi.swift in Sources */,
				DB4D5BA31AE73874009AF66F /* UIColorExtensions.swift in Sources */,
				DBE150491AD5E65200DB03AF /* MenuViewController.swift in Sources */,
				DB338F741AE488D000B818CC /* StoriesListViewCell.swift in Sources */,
				DB338F721AE47E5900B818CC /* PointsOfInterestListViewCell.swift in Sources */,
				DB4D5BAF1AE73C7E009AF66F /* SideMenuTableViewController.swift in Sources */,
				DB09CEB91AD27CD300E831B7 /* DetailedViewController.swift in Sources */,
				DB4D5BAD1AE73C37009AF66F /* SideMenuNavigationViewController.swift in Sources */,
				DB65267A1AE76D59002C8CCA /* RBResizer.swift in Sources */,
				DB4D5BAB1AE73B8C009AF66F /* ENSideMenuNavigationController.swift in Sources */,
				DBC30D631AD0CEF800FFB42D /* AppDelegate.swift in Sources */,
				DB4D5BB31AE7432C009AF66F /* SWRevealViewController.m in Sources */,
				DBC30D651AD0CEF800FFB42D /* OverviewViewController.swift in Sources */,
				DB09CEB51AD2729000E831B7 /* PersistencyManager.swift in Sources */,
			);
			runOnlyForDeploymentPostprocessing = 0;
		};
		DBC30D701AD0CEF800FFB42D /* Sources */ = {
			isa = PBXSourcesBuildPhase;
			buildActionMask = 2147483647;
			files = (
				DBC30D7B1AD0CEF800FFB42D /* leafletTests.swift in Sources */,
			);
			runOnlyForDeploymentPostprocessing = 0;
		};
/* End PBXSourcesBuildPhase section */

/* Begin PBXTargetDependency section */
		DBC30D761AD0CEF800FFB42D /* PBXTargetDependency */ = {
			isa = PBXTargetDependency;
			target = DBC30D5C1AD0CEF800FFB42D /* leaflet */;
			targetProxy = DBC30D751AD0CEF800FFB42D /* PBXContainerItemProxy */;
		};
/* End PBXTargetDependency section */

/* Begin PBXVariantGroup section */
		DBC30D681AD0CEF800FFB42D /* Main.storyboard */ = {
			isa = PBXVariantGroup;
			children = (
				DBC30D691AD0CEF800FFB42D /* Base */,
			);
			name = Main.storyboard;
			sourceTree = "<group>";
		};
		DBC30D6D1AD0CEF800FFB42D /* LaunchScreen.xib */ = {
			isa = PBXVariantGroup;
			children = (
				DBC30D6E1AD0CEF800FFB42D /* Base */,
			);
			name = LaunchScreen.xib;
			sourceTree = "<group>";
		};
/* End PBXVariantGroup section */

/* Begin XCBuildConfiguration section */
		DBC30D7C1AD0CEF800FFB42D /* Debug */ = {
			isa = XCBuildConfiguration;
			buildSettings = {
				ALWAYS_SEARCH_USER_PATHS = NO;
				CLANG_CXX_LANGUAGE_STANDARD = "gnu++0x";
				CLANG_CXX_LIBRARY = "libc++";
				CLANG_ENABLE_MODULES = YES;
				CLANG_ENABLE_OBJC_ARC = YES;
				CLANG_WARN_BOOL_CONVERSION = YES;
				CLANG_WARN_CONSTANT_CONVERSION = YES;
				CLANG_WARN_DIRECT_OBJC_ISA_USAGE = YES_ERROR;
				CLANG_WARN_EMPTY_BODY = YES;
				CLANG_WARN_ENUM_CONVERSION = YES;
				CLANG_WARN_INT_CONVERSION = YES;
				CLANG_WARN_OBJC_ROOT_CLASS = YES_ERROR;
				CLANG_WARN_UNREACHABLE_CODE = YES;
				CLANG_WARN__DUPLICATE_METHOD_MATCH = YES;
				"CODE_SIGN_IDENTITY[sdk=iphoneos*]" = "iPhone Developer";
				COPY_PHASE_STRIP = NO;
				ENABLE_STRICT_OBJC_MSGSEND = YES;
				GCC_C_LANGUAGE_STANDARD = gnu99;
				GCC_DYNAMIC_NO_PIC = NO;
				GCC_OPTIMIZATION_LEVEL = 0;
				GCC_PREPROCESSOR_DEFINITIONS = (
					"DEBUG=1",
					"$(inherited)",
				);
				GCC_SYMBOLS_PRIVATE_EXTERN = NO;
				GCC_WARN_64_TO_32_BIT_CONVERSION = YES;
				GCC_WARN_ABOUT_RETURN_TYPE = YES_ERROR;
				GCC_WARN_UNDECLARED_SELECTOR = YES;
				GCC_WARN_UNINITIALIZED_AUTOS = YES_AGGRESSIVE;
				GCC_WARN_UNUSED_FUNCTION = YES;
				GCC_WARN_UNUSED_VARIABLE = YES;
				IPHONEOS_DEPLOYMENT_TARGET = 8.2;
				MTL_ENABLE_DEBUG_INFO = YES;
				ONLY_ACTIVE_ARCH = YES;
				OTHER_LDFLAGS = "";
				SDKROOT = iphoneos;
				SWIFT_OPTIMIZATION_LEVEL = "-Onone";
				TARGETED_DEVICE_FAMILY = "1,2";
			};
			name = Debug;
		};
		DBC30D7D1AD0CEF800FFB42D /* Release */ = {
			isa = XCBuildConfiguration;
			buildSettings = {
				ALWAYS_SEARCH_USER_PATHS = NO;
				CLANG_CXX_LANGUAGE_STANDARD = "gnu++0x";
				CLANG_CXX_LIBRARY = "libc++";
				CLANG_ENABLE_MODULES = YES;
				CLANG_ENABLE_OBJC_ARC = YES;
				CLANG_WARN_BOOL_CONVERSION = YES;
				CLANG_WARN_CONSTANT_CONVERSION = YES;
				CLANG_WARN_DIRECT_OBJC_ISA_USAGE = YES_ERROR;
				CLANG_WARN_EMPTY_BODY = YES;
				CLANG_WARN_ENUM_CONVERSION = YES;
				CLANG_WARN_INT_CONVERSION = YES;
				CLANG_WARN_OBJC_ROOT_CLASS = YES_ERROR;
				CLANG_WARN_UNREACHABLE_CODE = YES;
				CLANG_WARN__DUPLICATE_METHOD_MATCH = YES;
				"CODE_SIGN_IDENTITY[sdk=iphoneos*]" = "iPhone Developer";
				COPY_PHASE_STRIP = NO;
				ENABLE_NS_ASSERTIONS = NO;
				ENABLE_STRICT_OBJC_MSGSEND = YES;
				GCC_C_LANGUAGE_STANDARD = gnu99;
				GCC_WARN_64_TO_32_BIT_CONVERSION = YES;
				GCC_WARN_ABOUT_RETURN_TYPE = YES_ERROR;
				GCC_WARN_UNDECLARED_SELECTOR = YES;
				GCC_WARN_UNINITIALIZED_AUTOS = YES_AGGRESSIVE;
				GCC_WARN_UNUSED_FUNCTION = YES;
				GCC_WARN_UNUSED_VARIABLE = YES;
				IPHONEOS_DEPLOYMENT_TARGET = 8.2;
				MTL_ENABLE_DEBUG_INFO = NO;
				OTHER_LDFLAGS = "";
				SDKROOT = iphoneos;
				TARGETED_DEVICE_FAMILY = "1,2";
				VALIDATE_PRODUCT = YES;
			};
			name = Release;
		};
		DBC30D7F1AD0CEF800FFB42D /* Debug */ = {
			isa = XCBuildConfiguration;
			buildSettings = {
				ASSETCATALOG_COMPILER_APPICON_NAME = AppIcon;
				CLANG_ENABLE_MODULES = YES;
				FRAMEWORK_SEARCH_PATHS = (
					"$(inherited)",
					"$(PROJECT_DIR)",
				);
				INFOPLIST_FILE = leaflet/Info.plist;
				IPHONEOS_DEPLOYMENT_TARGET = 8.2;
				LD_RUNPATH_SEARCH_PATHS = "$(inherited) @executable_path/Frameworks";
				OTHER_LDFLAGS = "-ObjC";
				PRODUCT_NAME = "$(TARGET_NAME)";
				SWIFT_OBJC_BRIDGING_HEADER = "leaflet-Bridging-Header.h";
				SWIFT_OPTIMIZATION_LEVEL = "-Onone";
			};
			name = Debug;
		};
		DBC30D801AD0CEF800FFB42D /* Release */ = {
			isa = XCBuildConfiguration;
			buildSettings = {
				ASSETCATALOG_COMPILER_APPICON_NAME = AppIcon;
				CLANG_ENABLE_MODULES = YES;
				FRAMEWORK_SEARCH_PATHS = (
					"$(inherited)",
					"$(PROJECT_DIR)",
				);
				INFOPLIST_FILE = leaflet/Info.plist;
				IPHONEOS_DEPLOYMENT_TARGET = 8.2;
				LD_RUNPATH_SEARCH_PATHS = "$(inherited) @executable_path/Frameworks";
				OTHER_LDFLAGS = "-ObjC";
				PRODUCT_NAME = "$(TARGET_NAME)";
				SWIFT_OBJC_BRIDGING_HEADER = "leaflet-Bridging-Header.h";
			};
			name = Release;
		};
		DBC30D821AD0CEF800FFB42D /* Debug */ = {
			isa = XCBuildConfiguration;
			buildSettings = {
				BUNDLE_LOADER = "$(TEST_HOST)";
				FRAMEWORK_SEARCH_PATHS = (
					"$(SDKROOT)/Developer/Library/Frameworks",
					"$(inherited)",
				);
				GCC_PREPROCESSOR_DEFINITIONS = (
					"DEBUG=1",
					"$(inherited)",
				);
				INFOPLIST_FILE = leafletTests/Info.plist;
				LD_RUNPATH_SEARCH_PATHS = "$(inherited) @executable_path/Frameworks @loader_path/Frameworks";
				PRODUCT_NAME = "$(TARGET_NAME)";
				TEST_HOST = "$(BUILT_PRODUCTS_DIR)/leaflet.app/leaflet";
			};
			name = Debug;
		};
		DBC30D831AD0CEF800FFB42D /* Release */ = {
			isa = XCBuildConfiguration;
			buildSettings = {
				BUNDLE_LOADER = "$(TEST_HOST)";
				FRAMEWORK_SEARCH_PATHS = (
					"$(SDKROOT)/Developer/Library/Frameworks",
					"$(inherited)",
				);
				INFOPLIST_FILE = leafletTests/Info.plist;
				LD_RUNPATH_SEARCH_PATHS = "$(inherited) @executable_path/Frameworks @loader_path/Frameworks";
				PRODUCT_NAME = "$(TARGET_NAME)";
				TEST_HOST = "$(BUILT_PRODUCTS_DIR)/leaflet.app/leaflet";
			};
			name = Release;
		};
/* End XCBuildConfiguration section */

/* Begin XCConfigurationList section */
		DBC30D581AD0CEF800FFB42D /* Build configuration list for PBXProject "leaflet" */ = {
			isa = XCConfigurationList;
			buildConfigurations = (
				DBC30D7C1AD0CEF800FFB42D /* Debug */,
				DBC30D7D1AD0CEF800FFB42D /* Release */,
			);
			defaultConfigurationIsVisible = 0;
			defaultConfigurationName = Release;
		};
		DBC30D7E1AD0CEF800FFB42D /* Build configuration list for PBXNativeTarget "leaflet" */ = {
			isa = XCConfigurationList;
			buildConfigurations = (
				DBC30D7F1AD0CEF800FFB42D /* Debug */,
				DBC30D801AD0CEF800FFB42D /* Release */,
			);
			defaultConfigurationIsVisible = 0;
			defaultConfigurationName = Release;
		};
		DBC30D811AD0CEF800FFB42D /* Build configuration list for PBXNativeTarget "leafletTests" */ = {
			isa = XCConfigurationList;
			buildConfigurations = (
				DBC30D821AD0CEF800FFB42D /* Debug */,
				DBC30D831AD0CEF800FFB42D /* Release */,
			);
			defaultConfigurationIsVisible = 0;
			defaultConfigurationName = Release;
		};
/* End XCConfigurationList section */
	};
	rootObject = DBC30D551AD0CEF800FFB42D /* Project object */;
}
